
Microsoft Visual Studio Solution File, Format Version 12.00
# Visual Studio Version 16
VisualStudioVersion = 16.0.28803.156
MinimumVisualStudioVersion = 10.0.40219.1
Project("{9A19103F-16F7-4668-BE54-9A1E7A4F7556}") = "taa", "taa\taa.csproj", "{C185FF75-5220-4113-85EA-50C9D59B8E6E}"
EndProject
Project("{FAE04EC0-301F-11D3-BF4B-00C04F79EFBC}") = "UnitTest", "UnitTest\UnitTest.csproj", "{5475B211-EC9C-4105-B903-8F65F98ADDB0}"
EndProject
Global
	GlobalSection(SolutionConfigurationPlatforms) = preSolution
		Debug|Any CPU = Debug|Any CPU
		Release|Any CPU = Release|Any CPU
	EndGlobalSection
	GlobalSection(ProjectConfigurationPlatforms) = postSolution
		{C185FF75-5220-4113-85EA-50C9D59B8E6E}.Debug|Any CPU.ActiveCfg = Debug|Any CPU
		{C185FF75-5220-4113-85EA-50C9D59B8E6E}.Debug|Any CPU.Build.0 = Debug|Any CPU
		{C185FF75-5220-4113-85EA-50C9D59B8E6E}.Release|Any CPU.ActiveCfg = Release|Any CPU
		{C185FF75-5220-4113-85EA-50C9D59B8E6E}.Release|Any CPU.Build.0 = Release|Any CPU
		{5475B211-EC9C-4105-B903-8F65F98ADDB0}.Debug|Any CPU.ActiveCfg = Debug|Any CPU
		{5475B211-EC9C-4105-B903-8F65F98ADDB0}.Debug|Any CPU.Build.0 = Debug|Any CPU
		{5475B211-EC9C-4105-B903-8F65F98ADDB0}.Release|Any CPU.ActiveCfg = Release|Any CPU
		{5475B211-EC9C-4105-B903-8F65F98ADDB0}.Release|Any CPU.Build.0 = Release|Any CPU
	EndGlobalSection
	GlobalSection(SolutionProperties) = preSolution
		HideSolutionNode = FALSE
	EndGlobalSection
	GlobalSection(ExtensibilityGlobals) = postSolution
		SolutionGuid = {EB09F89E-C76D-45FE-A1FB-E2975E0EFCE8}
	EndGlobalSection
EndGlobal
